
Microsoft Visual Studio Solution File, Format Version 12.00
# Visual Studio Version 16
VisualStudioVersion = 16.0.30804.86
MinimumVisualStudioVersion = 10.0.40219.1
Project("{FAE04EC0-301F-11D3-BF4B-00C04F79EFBC}") = "KatmanliDAL", "KatmanliDAL\KatmanliDAL.csproj", "{76E225CA-BC22-44B2-91DA-5DBAFB988467}"
EndProject
Project("{FAE04EC0-301F-11D3-BF4B-00C04F79EFBC}") = "KatmanliBLL", "KatmanliBLL\KatmanliBLL.csproj", "{B5867A03-5977-411A-8717-AFD05294232E}"
EndProject
Project("{FAE04EC0-301F-11D3-BF4B-00C04F79EFBC}") = "KatmanliWinUI", "KatmanliWinUI\KatmanliWinUI.csproj", "{ECC6F871-5BCC-4E69-BA7B-CC04C6120750}"
EndProject
Project("{FAE04EC0-301F-11D3-BF4B-00C04F79EFBC}") = "KatmanliDTO", "KatmanliDTO\KatmanliDTO.csproj", "{FDA8D59E-161C-4F0A-A593-630BB075DB84}"
EndProject
Global
	GlobalSection(SolutionConfigurationPlatforms) = preSolution
		Debug|Any CPU = Debug|Any CPU
		Release|Any CPU = Release|Any CPU
	EndGlobalSection
	GlobalSection(ProjectConfigurationPlatforms) = postSolution
		{76E225CA-BC22-44B2-91DA-5DBAFB988467}.Debug|Any CPU.ActiveCfg = Debug|Any CPU
		{76E225CA-BC22-44B2-91DA-5DBAFB988467}.Debug|Any CPU.Build.0 = Debug|Any CPU
		{76E225CA-BC22-44B2-91DA-5DBAFB988467}.Release|Any CPU.ActiveCfg = Release|Any CPU
		{76E225CA-BC22-44B2-91DA-5DBAFB988467}.Release|Any CPU.Build.0 = Release|Any CPU
		{B5867A03-5977-411A-8717-AFD05294232E}.Debug|Any CPU.ActiveCfg = Debug|Any CPU
		{B5867A03-5977-411A-8717-AFD05294232E}.Debug|Any CPU.Build.0 = Debug|Any CPU
		{B5867A03-5977-411A-8717-AFD05294232E}.Release|Any CPU.ActiveCfg = Release|Any CPU
		{B5867A03-5977-411A-8717-AFD05294232E}.Release|Any CPU.Build.0 = Release|Any CPU
		{ECC6F871-5BCC-4E69-BA7B-CC04C6120750}.Debug|Any CPU.ActiveCfg = Debug|Any CPU
		{ECC6F871-5BCC-4E69-BA7B-CC04C6120750}.Debug|Any CPU.Build.0 = Debug|Any CPU
		{ECC6F871-5BCC-4E69-BA7B-CC04C6120750}.Release|Any CPU.ActiveCfg = Release|Any CPU
		{ECC6F871-5BCC-4E69-BA7B-CC04C6120750}.Release|Any CPU.Build.0 = Release|Any CPU
		{FDA8D59E-161C-4F0A-A593-630BB075DB84}.Debug|Any CPU.ActiveCfg = Debug|Any CPU
		{FDA8D59E-161C-4F0A-A593-630BB075DB84}.Debug|Any CPU.Build.0 = Debug|Any CPU
		{FDA8D59E-161C-4F0A-A593-630BB075DB84}.Release|Any CPU.ActiveCfg = Release|Any CPU
		{FDA8D59E-161C-4F0A-A593-630BB075DB84}.Release|Any CPU.Build.0 = Release|Any CPU
	EndGlobalSection
	GlobalSection(SolutionProperties) = preSolution
		HideSolutionNode = FALSE
	EndGlobalSection
	GlobalSection(ExtensibilityGlobals) = postSolution
		SolutionGuid = {83C9C691-77F8-40F0-99DB-46ECD5314E9B}
	EndGlobalSection
EndGlobal
